
Microsoft Visual Studio Solution File, Format Version 12.00
# Visual Studio Version 17
VisualStudioVersion = 17.0.31612.314
MinimumVisualStudioVersion = 10.0.40219.1
Project("{FAE04EC0-301F-11D3-BF4B-00C04F79EFBC}") = "ComplexPasswordGenerator", "ComplexPasswordGenerator.csproj", "{404888C9-CAAD-4C1F-8653-EACD2F7A14C5}"
EndProject
Global
	GlobalSection(SolutionConfigurationPlatforms) = preSolution
		Debug|Any CPU = Debug|Any CPU
		Release|Any CPU = Release|Any CPU
	EndGlobalSection
	GlobalSection(ProjectConfigurationPlatforms) = postSolution
		{404888C9-CAAD-4C1F-8653-EACD2F7A14C5}.Debug|Any CPU.ActiveCfg = Debug|Any CPU
		{404888C9-CAAD-4C1F-8653-EACD2F7A14C5}.Debug|Any CPU.Build.0 = Debug|Any CPU
		{404888C9-CAAD-4C1F-8653-EACD2F7A14C5}.Release|Any CPU.ActiveCfg = Release|Any CPU
		{404888C9-CAAD-4C1F-8653-EACD2F7A14C5}.Release|Any CPU.Build.0 = Release|Any CPU
	EndGlobalSection
	GlobalSection(SolutionProperties) = preSolution
		HideSolutionNode = FALSE
	EndGlobalSection
	GlobalSection(ExtensibilityGlobals) = postSolution
		SolutionGuid = {E5E2D630-E41D-4FEB-9DD5-37EE25A02AAB}
	EndGlobalSection
EndGlobal
